
Microsoft Visual Studio Solution File, Format Version 12.00
# Visual Studio Version 17
VisualStudioVersion = 17.2.32516.85
MinimumVisualStudioVersion = 10.0.40219.1
Project("{9A19103F-16F7-4668-BE54-9A1E7A4F7556}") = "Aplicacion", "Aplicacion\Aplicacion.csproj", "{02C61B25-0F8B-4E76-935D-D2348B9EBFAF}"
EndProject
Project("{FAE04EC0-301F-11D3-BF4B-00C04F79EFBC}") = "Aplicacion.Unit.Tests", "Aplicacion.Unit.Tests\Aplicacion.Unit.Tests.csproj", "{73E81219-5B94-452E-A73C-F562DE3055D5}"
EndProject
Global
	GlobalSection(SolutionConfigurationPlatforms) = preSolution
		Debug|Any CPU = Debug|Any CPU
		Release|Any CPU = Release|Any CPU
	EndGlobalSection
	GlobalSection(ProjectConfigurationPlatforms) = postSolution
		{02C61B25-0F8B-4E76-935D-D2348B9EBFAF}.Debug|Any CPU.ActiveCfg = Debug|Any CPU
		{02C61B25-0F8B-4E76-935D-D2348B9EBFAF}.Debug|Any CPU.Build.0 = Debug|Any CPU
		{02C61B25-0F8B-4E76-935D-D2348B9EBFAF}.Release|Any CPU.ActiveCfg = Release|Any CPU
		{02C61B25-0F8B-4E76-935D-D2348B9EBFAF}.Release|Any CPU.Build.0 = Release|Any CPU
		{73E81219-5B94-452E-A73C-F562DE3055D5}.Debug|Any CPU.ActiveCfg = Debug|Any CPU
		{73E81219-5B94-452E-A73C-F562DE3055D5}.Debug|Any CPU.Build.0 = Debug|Any CPU
		{73E81219-5B94-452E-A73C-F562DE3055D5}.Release|Any CPU.ActiveCfg = Release|Any CPU
		{73E81219-5B94-452E-A73C-F562DE3055D5}.Release|Any CPU.Build.0 = Release|Any CPU
	EndGlobalSection
	GlobalSection(SolutionProperties) = preSolution
		HideSolutionNode = FALSE
	EndGlobalSection
	GlobalSection(ExtensibilityGlobals) = postSolution
		SolutionGuid = {6AED830D-A8F6-4F99-A1DC-8DD091689CCB}
	EndGlobalSection
EndGlobal
